// !$*UTF8*$!
{
	archiveVersion = 1;
	classes = {
	};
	objectVersion = 55;
	objects = {

/* Begin PBXBuildFile section */
		5A0230D7273C18BF00E05BDF /* SettingsView.swift in Sources */ = {isa = PBXBuildFile; fileRef = 5A0230D6273C18BF00E05BDF /* SettingsView.swift */; };
		5A097676273B1201007695D3 /* Colors.xcassets in Resources */ = {isa = PBXBuildFile; fileRef = 5A097675273B1201007695D3 /* Colors.xcassets */; };
		5A1E17CC27416E4900C3747E /* SettingsCounterColorView.swift in Sources */ = {isa = PBXBuildFile; fileRef = 5A1E17CB27416E4900C3747E /* SettingsCounterColorView.swift */; };
		5A1E17D12741A5EF00C3747E /* ColorDotView.swift in Sources */ = {isa = PBXBuildFile; fileRef = 5A1E17D02741A5EF00C3747E /* ColorDotView.swift */; };
		5A2E37F72732D301009D1FAD /* Mini Counter WatchKit App.app in Embed Watch Content */ = {isa = PBXBuildFile; fileRef = 5A2E37F62732D301009D1FAD /* Mini Counter WatchKit App.app */; settings = {ATTRIBUTES = (RemoveHeadersOnCopy, ); }; };
		5A2E37FC2732D302009D1FAD /* Assets.xcassets in Resources */ = {isa = PBXBuildFile; fileRef = 5A2E37FB2732D302009D1FAD /* Assets.xcassets */; };
		5A2E38022732D303009D1FAD /* Mini Counter WatchKit Extension.appex in Embed App Extensions */ = {isa = PBXBuildFile; fileRef = 5A2E38012732D303009D1FAD /* Mini Counter WatchKit Extension.appex */; settings = {ATTRIBUTES = (RemoveHeadersOnCopy, ); }; };
		5A2E38092732D303009D1FAD /* Mini_CounterApp.swift in Sources */ = {isa = PBXBuildFile; fileRef = 5A2E38082732D303009D1FAD /* Mini_CounterApp.swift */; };
		5A2E380B2732D303009D1FAD /* ComplicationController.swift in Sources */ = {isa = PBXBuildFile; fileRef = 5A2E380A2732D303009D1FAD /* ComplicationController.swift */; };
		5A2E380D2732D304009D1FAD /* Assets.xcassets in Resources */ = {isa = PBXBuildFile; fileRef = 5A2E380C2732D304009D1FAD /* Assets.xcassets */; };
		5A2E38102732D304009D1FAD /* Preview Assets.xcassets in Resources */ = {isa = PBXBuildFile; fileRef = 5A2E380F2732D304009D1FAD /* Preview Assets.xcassets */; };
		5A2E382E2732D756009D1FAD /* CounterView.swift in Sources */ = {isa = PBXBuildFile; fileRef = 5A2E382D2732D756009D1FAD /* CounterView.swift */; };
		5A2E38342732D80E009D1FAD /* ActionsView.swift in Sources */ = {isa = PBXBuildFile; fileRef = 5A2E38332732D80E009D1FAD /* ActionsView.swift */; };
		5A2E38362732D8B0009D1FAD /* SavedEntryListView.swift in Sources */ = {isa = PBXBuildFile; fileRef = 5A2E38352732D8B0009D1FAD /* SavedEntryListView.swift */; };
		5A2E383C2732D9B0009D1FAD /* Frame+Convenience.swift in Sources */ = {isa = PBXBuildFile; fileRef = 5A2E383B2732D9B0009D1FAD /* Frame+Convenience.swift */; };
		5A2E38472732E3C5009D1FAD /* RoundedActionButton.swift in Sources */ = {isa = PBXBuildFile; fileRef = 5A2E38462732E3C5009D1FAD /* RoundedActionButton.swift */; };
		5A2E384D2732EE08009D1FAD /* RoundedActionImageButton.swift in Sources */ = {isa = PBXBuildFile; fileRef = 5A2E384C2732EE08009D1FAD /* RoundedActionImageButton.swift */; };
		5A2E384F2732F039009D1FAD /* Color+Convenience.swift in Sources */ = {isa = PBXBuildFile; fileRef = 5A2E384E2732F039009D1FAD /* Color+Convenience.swift */; };
		5A2E38552734757A009D1FAD /* CountEntry.swift in Sources */ = {isa = PBXBuildFile; fileRef = 5A2E38542734757A009D1FAD /* CountEntry.swift */; };
		5A2E3858273479CB009D1FAD /* CountEntryView.swift in Sources */ = {isa = PBXBuildFile; fileRef = 5A2E3857273479CB009D1FAD /* CountEntryView.swift */; };
		5A3093F82750DB4900CD1F3B /* CountEntryDetailStore.swift in Sources */ = {isa = PBXBuildFile; fileRef = 5A3093F72750DB4900CD1F3B /* CountEntryDetailStore.swift */; };
		5A607F3D27609C6700CBEEB2 /* SavedEntryStore.swift in Sources */ = {isa = PBXBuildFile; fileRef = 5A607F3C27609C6700CBEEB2 /* SavedEntryStore.swift */; };
		5A7A717B273EEF240085C7FF /* Stinsen in Frameworks */ = {isa = PBXBuildFile; productRef = 5A7A717A273EEF240085C7FF /* Stinsen */; };
		5A7A717E273EF0020085C7FF /* Stinsen in Frameworks */ = {isa = PBXBuildFile; productRef = 5A7A717D273EF0020085C7FF /* Stinsen */; };
		5A7A7181273F01C80085C7FF /* MainTabCoordinator.swift in Sources */ = {isa = PBXBuildFile; fileRef = 5A7A7180273F01C80085C7FF /* MainTabCoordinator.swift */; };
		5A7A7185273F086A0085C7FF /* ActionsCoordinator.swift in Sources */ = {isa = PBXBuildFile; fileRef = 5A7A7184273F086A0085C7FF /* ActionsCoordinator.swift */; };
		5A7A7188273F087D0085C7FF /* CounterCoordinator.swift in Sources */ = {isa = PBXBuildFile; fileRef = 5A7A7187273F087D0085C7FF /* CounterCoordinator.swift */; };
		5A7A718B273F08950085C7FF /* SavedEntryListCoordinator.swift in Sources */ = {isa = PBXBuildFile; fileRef = 5A7A718A273F08950085C7FF /* SavedEntryListCoordinator.swift */; };
		5A7A718E273F08A00085C7FF /* SettingsCoordinator.swift in Sources */ = {isa = PBXBuildFile; fileRef = 5A7A718D273F08A00085C7FF /* SettingsCoordinator.swift */; };
		5A7A7191273F09DD0085C7FF /* NameDescribable.swift in Sources */ = {isa = PBXBuildFile; fileRef = 5A7A7190273F09DD0085C7FF /* NameDescribable.swift */; };
		5A7A719A273FFCC00085C7FF /* SaveDetailCoordinator.swift in Sources */ = {isa = PBXBuildFile; fileRef = 5A7A7199273FFCC00085C7FF /* SaveDetailCoordinator.swift */; };
		5A7A719C273FFCD00085C7FF /* SaveDetailView.swift in Sources */ = {isa = PBXBuildFile; fileRef = 5A7A719B273FFCD00085C7FF /* SaveDetailView.swift */; };
		5A7A719F274000DC0085C7FF /* CircularImageButton.swift in Sources */ = {isa = PBXBuildFile; fileRef = 5A7A719E274000DC0085C7FF /* CircularImageButton.swift */; };
		5A7A71A1274000E90085C7FF /* CircularButtonStyle.swift in Sources */ = {isa = PBXBuildFile; fileRef = 5A7A71A0274000E90085C7FF /* CircularButtonStyle.swift */; };
		5A7A71A5274005ED0085C7FF /* SettingsCounterStrideView.swift in Sources */ = {isa = PBXBuildFile; fileRef = 5A7A71A4274005ED0085C7FF /* SettingsCounterStrideView.swift */; };
		5A7A71A9274053430085C7FF /* SettingsStore.swift in Sources */ = {isa = PBXBuildFile; fileRef = 5A7A71A8274053430085C7FF /* SettingsStore.swift */; };
		5A7A71AB27405D140085C7FF /* Constants.swift in Sources */ = {isa = PBXBuildFile; fileRef = 5A7A71AA27405D140085C7FF /* Constants.swift */; };
		5A7A71AF2740601B0085C7FF /* UserDefaults+Keys.swift in Sources */ = {isa = PBXBuildFile; fileRef = 5A7A71AE2740601B0085C7FF /* UserDefaults+Keys.swift */; };
		5A7A71B2274078820085C7FF /* CounterStore.swift in Sources */ = {isa = PBXBuildFile; fileRef = 5A7A71B1274078820085C7FF /* CounterStore.swift */; };
		5AAD734827485D8400024FB9 /* MainStore.swift in Sources */ = {isa = PBXBuildFile; fileRef = 5AAD734727485D8400024FB9 /* MainStore.swift */; };
		5AAD734D274A5E4300024FB9 /* SaveDetailStore.swift in Sources */ = {isa = PBXBuildFile; fileRef = 5AAD734C274A5E4300024FB9 /* SaveDetailStore.swift */; };
		5AAE04E1274E1DF100B1EB10 /* SavedEntryDetailView.swift in Sources */ = {isa = PBXBuildFile; fileRef = 5AAE04E0274E1DF100B1EB10 /* SavedEntryDetailView.swift */; };
		5AAE04E4274E1E7000B1EB10 /* SavedEntryDetailCoordinator.swift in Sources */ = {isa = PBXBuildFile; fileRef = 5AAE04E3274E1E7000B1EB10 /* SavedEntryDetailCoordinator.swift */; };
		5AD8B5442745AB0D00547A70 /* CounterColor.swift in Sources */ = {isa = PBXBuildFile; fileRef = 5AD8B5432745AB0D00547A70 /* CounterColor.swift */; };
/* End PBXBuildFile section */

/* Begin PBXContainerItemProxy section */
		5A2E37F82732D301009D1FAD /* PBXContainerItemProxy */ = {
			isa = PBXContainerItemProxy;
			containerPortal = 5A2E37EC2732D300009D1FAD /* Project object */;
			proxyType = 1;
			remoteGlobalIDString = 5A2E37F52732D301009D1FAD;
			remoteInfo = "Mini Counter WatchKit App";
		};
		5A2E38032732D303009D1FAD /* PBXContainerItemProxy */ = {
			isa = PBXContainerItemProxy;
			containerPortal = 5A2E37EC2732D300009D1FAD /* Project object */;
			proxyType = 1;
			remoteGlobalIDString = 5A2E38002732D303009D1FAD;
			remoteInfo = "Mini Counter WatchKit Extension";
		};
/* End PBXContainerItemProxy section */

/* Begin PBXCopyFilesBuildPhase section */
		5A2E38172732D304009D1FAD /* Embed App Extensions */ = {
			isa = PBXCopyFilesBuildPhase;
			buildActionMask = 2147483647;
			dstPath = "";
			dstSubfolderSpec = 13;
			files = (
				5A2E38022732D303009D1FAD /* Mini Counter WatchKit Extension.appex in Embed App Extensions */,
			);
			name = "Embed App Extensions";
			runOnlyForDeploymentPostprocessing = 0;
		};
		5A2E381B2732D304009D1FAD /* Embed Watch Content */ = {
			isa = PBXCopyFilesBuildPhase;
			buildActionMask = 2147483647;
			dstPath = "$(CONTENTS_FOLDER_PATH)/Watch";
			dstSubfolderSpec = 16;
			files = (
				5A2E37F72732D301009D1FAD /* Mini Counter WatchKit App.app in Embed Watch Content */,
			);
			name = "Embed Watch Content";
			runOnlyForDeploymentPostprocessing = 0;
		};
/* End PBXCopyFilesBuildPhase section */

/* Begin PBXFileReference section */
		5A0230D6273C18BF00E05BDF /* SettingsView.swift */ = {isa = PBXFileReference; lastKnownFileType = sourcecode.swift; path = SettingsView.swift; sourceTree = "<group>"; };
		5A097675273B1201007695D3 /* Colors.xcassets */ = {isa = PBXFileReference; lastKnownFileType = folder.assetcatalog; path = Colors.xcassets; sourceTree = "<group>"; };
		5A1E17CB27416E4900C3747E /* SettingsCounterColorView.swift */ = {isa = PBXFileReference; lastKnownFileType = sourcecode.swift; path = SettingsCounterColorView.swift; sourceTree = "<group>"; };
		5A1E17D02741A5EF00C3747E /* ColorDotView.swift */ = {isa = PBXFileReference; lastKnownFileType = sourcecode.swift; path = ColorDotView.swift; sourceTree = "<group>"; };
		5A2E37F22732D301009D1FAD /* Mini Counter.app */ = {isa = PBXFileReference; explicitFileType = wrapper.application; includeInIndex = 0; path = "Mini Counter.app"; sourceTree = BUILT_PRODUCTS_DIR; };
		5A2E37F62732D301009D1FAD /* Mini Counter WatchKit App.app */ = {isa = PBXFileReference; explicitFileType = wrapper.application; includeInIndex = 0; path = "Mini Counter WatchKit App.app"; sourceTree = BUILT_PRODUCTS_DIR; };
		5A2E37FB2732D302009D1FAD /* Assets.xcassets */ = {isa = PBXFileReference; lastKnownFileType = folder.assetcatalog; path = Assets.xcassets; sourceTree = "<group>"; };
		5A2E38012732D303009D1FAD /* Mini Counter WatchKit Extension.appex */ = {isa = PBXFileReference; explicitFileType = "wrapper.app-extension"; includeInIndex = 0; path = "Mini Counter WatchKit Extension.appex"; sourceTree = BUILT_PRODUCTS_DIR; };
		5A2E38082732D303009D1FAD /* Mini_CounterApp.swift */ = {isa = PBXFileReference; lastKnownFileType = sourcecode.swift; path = Mini_CounterApp.swift; sourceTree = "<group>"; };
		5A2E380A2732D303009D1FAD /* ComplicationController.swift */ = {isa = PBXFileReference; lastKnownFileType = sourcecode.swift; path = ComplicationController.swift; sourceTree = "<group>"; };
		5A2E380C2732D304009D1FAD /* Assets.xcassets */ = {isa = PBXFileReference; lastKnownFileType = folder.assetcatalog; path = Assets.xcassets; sourceTree = "<group>"; };
		5A2E380F2732D304009D1FAD /* Preview Assets.xcassets */ = {isa = PBXFileReference; lastKnownFileType = folder.assetcatalog; path = "Preview Assets.xcassets"; sourceTree = "<group>"; };
		5A2E38112732D304009D1FAD /* Info.plist */ = {isa = PBXFileReference; lastKnownFileType = text.plist.xml; path = Info.plist; sourceTree = "<group>"; };
		5A2E382D2732D756009D1FAD /* CounterView.swift */ = {isa = PBXFileReference; lastKnownFileType = sourcecode.swift; path = CounterView.swift; sourceTree = "<group>"; };
		5A2E38332732D80E009D1FAD /* ActionsView.swift */ = {isa = PBXFileReference; lastKnownFileType = sourcecode.swift; path = ActionsView.swift; sourceTree = "<group>"; };
		5A2E38352732D8B0009D1FAD /* SavedEntryListView.swift */ = {isa = PBXFileReference; lastKnownFileType = sourcecode.swift; path = SavedEntryListView.swift; sourceTree = "<group>"; };
		5A2E383B2732D9B0009D1FAD /* Frame+Convenience.swift */ = {isa = PBXFileReference; lastKnownFileType = sourcecode.swift; path = "Frame+Convenience.swift"; sourceTree = "<group>"; };
		5A2E38462732E3C5009D1FAD /* RoundedActionButton.swift */ = {isa = PBXFileReference; lastKnownFileType = sourcecode.swift; path = RoundedActionButton.swift; sourceTree = "<group>"; };
		5A2E384C2732EE08009D1FAD /* RoundedActionImageButton.swift */ = {isa = PBXFileReference; lastKnownFileType = sourcecode.swift; path = RoundedActionImageButton.swift; sourceTree = "<group>"; };
		5A2E384E2732F039009D1FAD /* Color+Convenience.swift */ = {isa = PBXFileReference; lastKnownFileType = sourcecode.swift; path = "Color+Convenience.swift"; sourceTree = "<group>"; };
		5A2E38542734757A009D1FAD /* CountEntry.swift */ = {isa = PBXFileReference; lastKnownFileType = sourcecode.swift; path = CountEntry.swift; sourceTree = "<group>"; };
		5A2E3857273479CB009D1FAD /* CountEntryView.swift */ = {isa = PBXFileReference; lastKnownFileType = sourcecode.swift; path = CountEntryView.swift; sourceTree = "<group>"; };
		5A3093F72750DB4900CD1F3B /* CountEntryDetailStore.swift */ = {isa = PBXFileReference; lastKnownFileType = sourcecode.swift; path = CountEntryDetailStore.swift; sourceTree = "<group>"; };
		5A607F3C27609C6700CBEEB2 /* SavedEntryStore.swift */ = {isa = PBXFileReference; lastKnownFileType = sourcecode.swift; path = SavedEntryStore.swift; sourceTree = "<group>"; };
		5A7A7180273F01C80085C7FF /* MainTabCoordinator.swift */ = {isa = PBXFileReference; lastKnownFileType = sourcecode.swift; path = MainTabCoordinator.swift; sourceTree = "<group>"; };
		5A7A7184273F086A0085C7FF /* ActionsCoordinator.swift */ = {isa = PBXFileReference; lastKnownFileType = sourcecode.swift; path = ActionsCoordinator.swift; sourceTree = "<group>"; };
		5A7A7187273F087D0085C7FF /* CounterCoordinator.swift */ = {isa = PBXFileReference; lastKnownFileType = sourcecode.swift; path = CounterCoordinator.swift; sourceTree = "<group>"; };
		5A7A718A273F08950085C7FF /* SavedEntryListCoordinator.swift */ = {isa = PBXFileReference; lastKnownFileType = sourcecode.swift; path = SavedEntryListCoordinator.swift; sourceTree = "<group>"; };
		5A7A718D273F08A00085C7FF /* SettingsCoordinator.swift */ = {isa = PBXFileReference; lastKnownFileType = sourcecode.swift; path = SettingsCoordinator.swift; sourceTree = "<group>"; };
		5A7A7190273F09DD0085C7FF /* NameDescribable.swift */ = {isa = PBXFileReference; lastKnownFileType = sourcecode.swift; path = NameDescribable.swift; sourceTree = "<group>"; };
		5A7A7199273FFCC00085C7FF /* SaveDetailCoordinator.swift */ = {isa = PBXFileReference; lastKnownFileType = sourcecode.swift; path = SaveDetailCoordinator.swift; sourceTree = "<group>"; };
		5A7A719B273FFCD00085C7FF /* SaveDetailView.swift */ = {isa = PBXFileReference; lastKnownFileType = sourcecode.swift; path = SaveDetailView.swift; sourceTree = "<group>"; };
		5A7A719E274000DC0085C7FF /* CircularImageButton.swift */ = {isa = PBXFileReference; lastKnownFileType = sourcecode.swift; path = CircularImageButton.swift; sourceTree = "<group>"; };
		5A7A71A0274000E90085C7FF /* CircularButtonStyle.swift */ = {isa = PBXFileReference; lastKnownFileType = sourcecode.swift; path = CircularButtonStyle.swift; sourceTree = "<group>"; };
		5A7A71A4274005ED0085C7FF /* SettingsCounterStrideView.swift */ = {isa = PBXFileReference; lastKnownFileType = sourcecode.swift; path = SettingsCounterStrideView.swift; sourceTree = "<group>"; };
		5A7A71A8274053430085C7FF /* SettingsStore.swift */ = {isa = PBXFileReference; lastKnownFileType = sourcecode.swift; path = SettingsStore.swift; sourceTree = "<group>"; };
		5A7A71AA27405D140085C7FF /* Constants.swift */ = {isa = PBXFileReference; lastKnownFileType = sourcecode.swift; path = Constants.swift; sourceTree = "<group>"; };
		5A7A71AE2740601B0085C7FF /* UserDefaults+Keys.swift */ = {isa = PBXFileReference; lastKnownFileType = sourcecode.swift; path = "UserDefaults+Keys.swift"; sourceTree = "<group>"; };
		5A7A71B1274078820085C7FF /* CounterStore.swift */ = {isa = PBXFileReference; lastKnownFileType = sourcecode.swift; path = CounterStore.swift; sourceTree = "<group>"; };
		5AAD734727485D8400024FB9 /* MainStore.swift */ = {isa = PBXFileReference; lastKnownFileType = sourcecode.swift; path = MainStore.swift; sourceTree = "<group>"; };
		5AAD734C274A5E4300024FB9 /* SaveDetailStore.swift */ = {isa = PBXFileReference; fileEncoding = 4; lastKnownFileType = sourcecode.swift; path = SaveDetailStore.swift; sourceTree = "<group>"; };
		5AAE04E0274E1DF100B1EB10 /* SavedEntryDetailView.swift */ = {isa = PBXFileReference; lastKnownFileType = sourcecode.swift; path = SavedEntryDetailView.swift; sourceTree = "<group>"; };
		5AAE04E3274E1E7000B1EB10 /* SavedEntryDetailCoordinator.swift */ = {isa = PBXFileReference; lastKnownFileType = sourcecode.swift; path = SavedEntryDetailCoordinator.swift; sourceTree = "<group>"; };
		5AD8B5432745AB0D00547A70 /* CounterColor.swift */ = {isa = PBXFileReference; lastKnownFileType = sourcecode.swift; path = CounterColor.swift; sourceTree = "<group>"; };
/* End PBXFileReference section */

/* Begin PBXFrameworksBuildPhase section */
		5A2E37FE2732D303009D1FAD /* Frameworks */ = {
			isa = PBXFrameworksBuildPhase;
			buildActionMask = 2147483647;
			files = (
				5A7A717E273EF0020085C7FF /* Stinsen in Frameworks */,
			);
			runOnlyForDeploymentPostprocessing = 0;
		};
		7AB668C9EC91165FA21E4351 /* Frameworks */ = {
			isa = PBXFrameworksBuildPhase;
			buildActionMask = 2147483647;
			files = (
			);
			runOnlyForDeploymentPostprocessing = 0;
		};
		8B3C949D66C39EAD12C7F80D /* Frameworks */ = {
			isa = PBXFrameworksBuildPhase;
			buildActionMask = 2147483647;
			files = (
				5A7A717B273EEF240085C7FF /* Stinsen in Frameworks */,
			);
			runOnlyForDeploymentPostprocessing = 0;
		};
/* End PBXFrameworksBuildPhase section */

/* Begin PBXGroup section */
		5A0230D4273C189E00E05BDF /* Settings */ = {
			isa = PBXGroup;
			children = (
				5A7A718C273F08980085C7FF /* Coordinator */,
				5A0230D5273C18AD00E05BDF /* View */,
			);
			path = Settings;
			sourceTree = "<group>";
		};
		5A0230D5273C18AD00E05BDF /* View */ = {
			isa = PBXGroup;
			children = (
				5A0230D6273C18BF00E05BDF /* SettingsView.swift */,
				5A7A71A4274005ED0085C7FF /* SettingsCounterStrideView.swift */,
				5A1E17CB27416E4900C3747E /* SettingsCounterColorView.swift */,
			);
			path = View;
			sourceTree = "<group>";
		};
		5A1E17CF2741A5E500C3747E /* ColorDotView */ = {
			isa = PBXGroup;
			children = (
				5A1E17D02741A5EF00C3747E /* ColorDotView.swift */,
			);
			path = ColorDotView;
			sourceTree = "<group>";
		};
		5A2E37EB2732D300009D1FAD = {
			isa = PBXGroup;
			children = (
				5A2E37FA2732D301009D1FAD /* Mini Counter WatchKit App */,
				5A2E38052732D303009D1FAD /* Mini Counter WatchKit Extension */,
				5A2E37F32732D301009D1FAD /* Products */,
				5A7A717C273EF0020085C7FF /* Frameworks */,
			);
			sourceTree = "<group>";
		};
		5A2E37F32732D301009D1FAD /* Products */ = {
			isa = PBXGroup;
			children = (
				5A2E37F22732D301009D1FAD /* Mini Counter.app */,
				5A2E37F62732D301009D1FAD /* Mini Counter WatchKit App.app */,
				5A2E38012732D303009D1FAD /* Mini Counter WatchKit Extension.appex */,
			);
			name = Products;
			sourceTree = "<group>";
		};
		5A2E37FA2732D301009D1FAD /* Mini Counter WatchKit App */ = {
			isa = PBXGroup;
			children = (
				5A2E37FB2732D302009D1FAD /* Assets.xcassets */,
				5A097675273B1201007695D3 /* Colors.xcassets */,
			);
			path = "Mini Counter WatchKit App";
			sourceTree = "<group>";
		};
		5A2E38052732D303009D1FAD /* Mini Counter WatchKit Extension */ = {
			isa = PBXGroup;
			children = (
				5A7A71A62740532A0085C7FF /* Stores */,
				5A2E38212732D34A009D1FAD /* Common */,
				5A3F6C42273C0A4B00DDCBB4 /* Scenes */,
				5A2E381F2732D32D009D1FAD /* Supporting Files */,
			);
			path = "Mini Counter WatchKit Extension";
			sourceTree = "<group>";
		};
		5A2E380E2732D304009D1FAD /* Preview Content */ = {
			isa = PBXGroup;
			children = (
				5A2E380F2732D304009D1FAD /* Preview Assets.xcassets */,
			);
			path = "Preview Content";
			sourceTree = "<group>";
		};
		5A2E381F2732D32D009D1FAD /* Supporting Files */ = {
			isa = PBXGroup;
			children = (
				5A2E380E2732D304009D1FAD /* Preview Content */,
				5A2E38112732D304009D1FAD /* Info.plist */,
				5A2E380C2732D304009D1FAD /* Assets.xcassets */,
				5A2E38082732D303009D1FAD /* Mini_CounterApp.swift */,
			);
			path = "Supporting Files";
			sourceTree = "<group>";
		};
		5A2E38212732D34A009D1FAD /* Common */ = {
			isa = PBXGroup;
			children = (
				5A7A718F273F09D40085C7FF /* Protocols */,
				5A3F6C44273C0A6300DDCBB4 /* Views */,
				5A2E38372732D97D009D1FAD /* Extensions */,
				5A2E382B2732D6DC009D1FAD /* Models */,
				5A3F6C4C273C0B2800DDCBB4 /* Misc */,
			);
			path = Common;
			sourceTree = "<group>";
		};
		5A2E382B2732D6DC009D1FAD /* Models */ = {
			isa = PBXGroup;
			children = (
				5A2E38542734757A009D1FAD /* CountEntry.swift */,
				5AD8B5432745AB0D00547A70 /* CounterColor.swift */,
			);
			path = Models;
			sourceTree = "<group>";
		};
		5A2E382C2732D74B009D1FAD /* Counter */ = {
			isa = PBXGroup;
			children = (
				5A7A7186273F08700085C7FF /* Coordinator */,
				5A3F6C49273C0AD800DDCBB4 /* View */,
			);
			path = Counter;
			sourceTree = "<group>";
		};
		5A2E382F2732D75A009D1FAD /* SavedEntryList */ = {
			isa = PBXGroup;
			children = (
				5A7A7189273F08810085C7FF /* Coordinator */,
				5A3F6C45273C0AB200DDCBB4 /* View */,
			);
			path = SavedEntryList;
			sourceTree = "<group>";
		};
		5A2E38322732D799009D1FAD /* Actions */ = {
			isa = PBXGroup;
			children = (
				5A7A7183273F08640085C7FF /* Coordinator */,
				5A3F6C4A273C0ADE00DDCBB4 /* View */,
			);
			path = Actions;
			sourceTree = "<group>";
		};
		5A2E38372732D97D009D1FAD /* Extensions */ = {
			isa = PBXGroup;
			children = (
				5A2E383A2732D994009D1FAD /* ViewModifiers */,
				5A2E384E2732F039009D1FAD /* Color+Convenience.swift */,
				5A7A71AE2740601B0085C7FF /* UserDefaults+Keys.swift */,
			);
			path = Extensions;
			sourceTree = "<group>";
		};
		5A2E383A2732D994009D1FAD /* ViewModifiers */ = {
			isa = PBXGroup;
			children = (
				5A2E383B2732D9B0009D1FAD /* Frame+Convenience.swift */,
			);
			path = ViewModifiers;
			sourceTree = "<group>";
		};
		5A2E383D2732DD94009D1FAD /* RoundedActionButton */ = {
			isa = PBXGroup;
			children = (
				5A2E38462732E3C5009D1FAD /* RoundedActionButton.swift */,
				5A2E384C2732EE08009D1FAD /* RoundedActionImageButton.swift */,
			);
			path = RoundedActionButton;
			sourceTree = "<group>";
		};
		5A3093F62750DB3D00CD1F3B /* CountEntryDetail */ = {
			isa = PBXGroup;
			children = (
				5A3093F72750DB4900CD1F3B /* CountEntryDetailStore.swift */,
			);
			path = CountEntryDetail;
			sourceTree = "<group>";
		};
		5A3F6C42273C0A4B00DDCBB4 /* Scenes */ = {
			isa = PBXGroup;
			children = (
				5A3F6C46273C0AB500DDCBB4 /* Main */,
				5A2E38322732D799009D1FAD /* Actions */,
				5A7A7196273FFCA50085C7FF /* SaveDetail */,
				5A2E382C2732D74B009D1FAD /* Counter */,
				5A2E382F2732D75A009D1FAD /* SavedEntryList */,
				5AAE04DF274E1DD100B1EB10 /* SavedEntryDetail */,
				5A0230D4273C189E00E05BDF /* Settings */,
			);
			path = Scenes;
			sourceTree = "<group>";
		};
		5A3F6C44273C0A6300DDCBB4 /* Views */ = {
			isa = PBXGroup;
			children = (
				5A1E17CF2741A5E500C3747E /* ColorDotView */,
				5A7A719D274000CD0085C7FF /* CircularButton */,
				5A2E383D2732DD94009D1FAD /* RoundedActionButton */,
			);
			path = Views;
			sourceTree = "<group>";
		};
		5A3F6C45273C0AB200DDCBB4 /* View */ = {
			isa = PBXGroup;
			children = (
				5A2E38352732D8B0009D1FAD /* SavedEntryListView.swift */,
				5A2E3857273479CB009D1FAD /* CountEntryView.swift */,
			);
			path = View;
			sourceTree = "<group>";
		};
		5A3F6C46273C0AB500DDCBB4 /* Main */ = {
			isa = PBXGroup;
			children = (
				5A7A7182273F08520085C7FF /* Coordinator */,
			);
			path = Main;
			sourceTree = "<group>";
		};
		5A3F6C49273C0AD800DDCBB4 /* View */ = {
			isa = PBXGroup;
			children = (
				5A2E382D2732D756009D1FAD /* CounterView.swift */,
			);
			path = View;
			sourceTree = "<group>";
		};
		5A3F6C4A273C0ADE00DDCBB4 /* View */ = {
			isa = PBXGroup;
			children = (
				5A2E38332732D80E009D1FAD /* ActionsView.swift */,
			);
			path = View;
			sourceTree = "<group>";
		};
		5A3F6C4C273C0B2800DDCBB4 /* Misc */ = {
			isa = PBXGroup;
			children = (
				5A2E380A2732D303009D1FAD /* ComplicationController.swift */,
				5A7A71AA27405D140085C7FF /* Constants.swift */,
			);
			path = Misc;
			sourceTree = "<group>";
		};
		5A607F3B27609C4C00CBEEB2 /* SavedEntry */ = {
			isa = PBXGroup;
			children = (
				5A607F3C27609C6700CBEEB2 /* SavedEntryStore.swift */,
			);
			path = SavedEntry;
			sourceTree = "<group>";
		};
		5A7A717C273EF0020085C7FF /* Frameworks */ = {
			isa = PBXGroup;
			children = (
			);
			name = Frameworks;
			sourceTree = "<group>";
		};
		5A7A7182273F08520085C7FF /* Coordinator */ = {
			isa = PBXGroup;
			children = (
				5A7A7180273F01C80085C7FF /* MainTabCoordinator.swift */,
			);
			path = Coordinator;
			sourceTree = "<group>";
		};
		5A7A7183273F08640085C7FF /* Coordinator */ = {
			isa = PBXGroup;
			children = (
				5A7A7184273F086A0085C7FF /* ActionsCoordinator.swift */,
			);
			path = Coordinator;
			sourceTree = "<group>";
		};
		5A7A7186273F08700085C7FF /* Coordinator */ = {
			isa = PBXGroup;
			children = (
				5A7A7187273F087D0085C7FF /* CounterCoordinator.swift */,
			);
			path = Coordinator;
			sourceTree = "<group>";
		};
		5A7A7189273F08810085C7FF /* Coordinator */ = {
			isa = PBXGroup;
			children = (
				5A7A718A273F08950085C7FF /* SavedEntryListCoordinator.swift */,
			);
			path = Coordinator;
			sourceTree = "<group>";
		};
		5A7A718C273F08980085C7FF /* Coordinator */ = {
			isa = PBXGroup;
			children = (
				5A7A718D273F08A00085C7FF /* SettingsCoordinator.swift */,
			);
			path = Coordinator;
			sourceTree = "<group>";
		};
		5A7A718F273F09D40085C7FF /* Protocols */ = {
			isa = PBXGroup;
			children = (
				5A7A7190273F09DD0085C7FF /* NameDescribable.swift */,
			);
			path = Protocols;
			sourceTree = "<group>";
		};
		5A7A7196273FFCA50085C7FF /* SaveDetail */ = {
			isa = PBXGroup;
			children = (
				5A7A7197273FFCAE0085C7FF /* Coordinator */,
				5A7A7198273FFCB30085C7FF /* View */,
			);
			path = SaveDetail;
			sourceTree = "<group>";
		};
		5A7A7197273FFCAE0085C7FF /* Coordinator */ = {
			isa = PBXGroup;
			children = (
				5A7A7199273FFCC00085C7FF /* SaveDetailCoordinator.swift */,
			);
			path = Coordinator;
			sourceTree = "<group>";
		};
		5A7A7198273FFCB30085C7FF /* View */ = {
			isa = PBXGroup;
			children = (
				5A7A719B273FFCD00085C7FF /* SaveDetailView.swift */,
			);
			path = View;
			sourceTree = "<group>";
		};
		5A7A719D274000CD0085C7FF /* CircularButton */ = {
			isa = PBXGroup;
			children = (
				5A7A719E274000DC0085C7FF /* CircularImageButton.swift */,
				5A7A71A0274000E90085C7FF /* CircularButtonStyle.swift */,
			);
			path = CircularButton;
			sourceTree = "<group>";
		};
		5A7A71A62740532A0085C7FF /* Stores */ = {
			isa = PBXGroup;
			children = (
				5A607F3B27609C4C00CBEEB2 /* SavedEntry */,
				5A3093F62750DB3D00CD1F3B /* CountEntryDetail */,
				5AAD734627485D7400024FB9 /* Main */,
				5A7A71B0274078770085C7FF /* Counter */,
				5AAD73492749A4CD00024FB9 /* Save Detail */,
				5A7A71A7274053330085C7FF /* Settings */,
			);
			path = Stores;
			sourceTree = "<group>";
		};
		5A7A71A7274053330085C7FF /* Settings */ = {
			isa = PBXGroup;
			children = (
				5A7A71A8274053430085C7FF /* SettingsStore.swift */,
			);
			path = Settings;
			sourceTree = "<group>";
		};
		5A7A71B0274078770085C7FF /* Counter */ = {
			isa = PBXGroup;
			children = (
				5A7A71B1274078820085C7FF /* CounterStore.swift */,
			);
			path = Counter;
			sourceTree = "<group>";
		};
		5AAD734627485D7400024FB9 /* Main */ = {
			isa = PBXGroup;
			children = (
				5AAD734727485D8400024FB9 /* MainStore.swift */,
			);
			path = Main;
			sourceTree = "<group>";
		};
		5AAD73492749A4CD00024FB9 /* Save Detail */ = {
			isa = PBXGroup;
			children = (
				5AAD734C274A5E4300024FB9 /* SaveDetailStore.swift */,
			);
			path = "Save Detail";
			sourceTree = "<group>";
		};
		5AAE04DF274E1DD100B1EB10 /* SavedEntryDetail */ = {
			isa = PBXGroup;
			children = (
				5AAE04E2274E1E4400B1EB10 /* Coordinator */,
				5AAE04E5274E1E7C00B1EB10 /* View */,
			);
			path = SavedEntryDetail;
			sourceTree = "<group>";
		};
		5AAE04E2274E1E4400B1EB10 /* Coordinator */ = {
			isa = PBXGroup;
			children = (
				5AAE04E3274E1E7000B1EB10 /* SavedEntryDetailCoordinator.swift */,
			);
			path = Coordinator;
			sourceTree = "<group>";
		};
		5AAE04E5274E1E7C00B1EB10 /* View */ = {
			isa = PBXGroup;
			children = (
				5AAE04E0274E1DF100B1EB10 /* SavedEntryDetailView.swift */,
			);
			path = View;
			sourceTree = "<group>";
		};
/* End PBXGroup section */

/* Begin PBXNativeTarget section */
		5A2E37F12732D301009D1FAD /* Mini Counter */ = {
			isa = PBXNativeTarget;
			buildConfigurationList = 5A2E381C2732D304009D1FAD /* Build configuration list for PBXNativeTarget "Mini Counter" */;
			buildPhases = (
				5A2E37F02732D301009D1FAD /* Resources */,
				5A2E381B2732D304009D1FAD /* Embed Watch Content */,
				8B3C949D66C39EAD12C7F80D /* Frameworks */,
			);
			buildRules = (
			);
			dependencies = (
				5A2E37F92732D301009D1FAD /* PBXTargetDependency */,
			);
			name = "Mini Counter";
			packageProductDependencies = (
				5A7A717A273EEF240085C7FF /* Stinsen */,
			);
			productName = "Mini Counter";
			productReference = 5A2E37F22732D301009D1FAD /* Mini Counter.app */;
			productType = "com.apple.product-type.application.watchapp2-container";
		};
		5A2E37F52732D301009D1FAD /* Mini Counter WatchKit App */ = {
			isa = PBXNativeTarget;
			buildConfigurationList = 5A2E38182732D304009D1FAD /* Build configuration list for PBXNativeTarget "Mini Counter WatchKit App" */;
			buildPhases = (
				5A2E37F42732D301009D1FAD /* Resources */,
				5A2E38172732D304009D1FAD /* Embed App Extensions */,
				7AB668C9EC91165FA21E4351 /* Frameworks */,
			);
			buildRules = (
			);
			dependencies = (
				5A2E38042732D303009D1FAD /* PBXTargetDependency */,
			);
			name = "Mini Counter WatchKit App";
			productName = "Mini Counter WatchKit App";
			productReference = 5A2E37F62732D301009D1FAD /* Mini Counter WatchKit App.app */;
			productType = "com.apple.product-type.application.watchapp2";
		};
		5A2E38002732D303009D1FAD /* Mini Counter WatchKit Extension */ = {
			isa = PBXNativeTarget;
			buildConfigurationList = 5A2E38142732D304009D1FAD /* Build configuration list for PBXNativeTarget "Mini Counter WatchKit Extension" */;
			buildPhases = (
				5A2E37FD2732D303009D1FAD /* Sources */,
				5A2E37FE2732D303009D1FAD /* Frameworks */,
				5A2E37FF2732D303009D1FAD /* Resources */,
			);
			buildRules = (
			);
			dependencies = (
			);
			name = "Mini Counter WatchKit Extension";
			packageProductDependencies = (
				5A7A717D273EF0020085C7FF /* Stinsen */,
			);
			productName = "Mini Counter WatchKit Extension";
			productReference = 5A2E38012732D303009D1FAD /* Mini Counter WatchKit Extension.appex */;
			productType = "com.apple.product-type.watchkit2-extension";
		};
/* End PBXNativeTarget section */

/* Begin PBXProject section */
		5A2E37EC2732D300009D1FAD /* Project object */ = {
			isa = PBXProject;
			attributes = {
				BuildIndependentTargetsInParallel = 1;
				LastSwiftUpdateCheck = 1320;
				LastUpgradeCheck = 1320;
				TargetAttributes = {
					5A2E37F12732D301009D1FAD = {
						CreatedOnToolsVersion = 13.2;
					};
					5A2E37F52732D301009D1FAD = {
						CreatedOnToolsVersion = 13.2;
					};
					5A2E38002732D303009D1FAD = {
						CreatedOnToolsVersion = 13.2;
					};
				};
			};
			buildConfigurationList = 5A2E37EF2732D300009D1FAD /* Build configuration list for PBXProject "Mini Counter" */;
			compatibilityVersion = "Xcode 13.0";
			developmentRegion = en;
			hasScannedForEncodings = 0;
			knownRegions = (
				en,
				Base,
			);
			mainGroup = 5A2E37EB2732D300009D1FAD;
			packageReferences = (
				5A7A7179273EEF240085C7FF /* XCRemoteSwiftPackageReference "stinsen" */,
			);
			productRefGroup = 5A2E37F32732D301009D1FAD /* Products */;
			projectDirPath = "";
			projectRoot = "";
			targets = (
				5A2E37F12732D301009D1FAD /* Mini Counter */,
				5A2E37F52732D301009D1FAD /* Mini Counter WatchKit App */,
				5A2E38002732D303009D1FAD /* Mini Counter WatchKit Extension */,
			);
		};
/* End PBXProject section */

/* Begin PBXResourcesBuildPhase section */
		5A2E37F02732D301009D1FAD /* Resources */ = {
			isa = PBXResourcesBuildPhase;
			buildActionMask = 2147483647;
			files = (
			);
			runOnlyForDeploymentPostprocessing = 0;
		};
		5A2E37F42732D301009D1FAD /* Resources */ = {
			isa = PBXResourcesBuildPhase;
			buildActionMask = 2147483647;
			files = (
				5A2E37FC2732D302009D1FAD /* Assets.xcassets in Resources */,
			);
			runOnlyForDeploymentPostprocessing = 0;
		};
		5A2E37FF2732D303009D1FAD /* Resources */ = {
			isa = PBXResourcesBuildPhase;
			buildActionMask = 2147483647;
			files = (
				5A2E38102732D304009D1FAD /* Preview Assets.xcassets in Resources */,
				5A097676273B1201007695D3 /* Colors.xcassets in Resources */,
				5A2E380D2732D304009D1FAD /* Assets.xcassets in Resources */,
			);
			runOnlyForDeploymentPostprocessing = 0;
		};
/* End PBXResourcesBuildPhase section */

/* Begin PBXSourcesBuildPhase section */
		5A2E37FD2732D303009D1FAD /* Sources */ = {
			isa = PBXSourcesBuildPhase;
			buildActionMask = 2147483647;
			files = (
				5A7A719A273FFCC00085C7FF /* SaveDetailCoordinator.swift in Sources */,
				5A2E383C2732D9B0009D1FAD /* Frame+Convenience.swift in Sources */,
				5A7A719C273FFCD00085C7FF /* SaveDetailView.swift in Sources */,
				5A2E38362732D8B0009D1FAD /* SavedEntryListView.swift in Sources */,
				5A7A718E273F08A00085C7FF /* SettingsCoordinator.swift in Sources */,
				5A2E38092732D303009D1FAD /* Mini_CounterApp.swift in Sources */,
				5A7A719F274000DC0085C7FF /* CircularImageButton.swift in Sources */,
				5A2E38342732D80E009D1FAD /* ActionsView.swift in Sources */,
				5A7A71A1274000E90085C7FF /* CircularButtonStyle.swift in Sources */,
				5A7A71AB27405D140085C7FF /* Constants.swift in Sources */,
				5A3093F82750DB4900CD1F3B /* CountEntryDetailStore.swift in Sources */,
				5A2E380B2732D303009D1FAD /* ComplicationController.swift in Sources */,
				5A7A71AF2740601B0085C7FF /* UserDefaults+Keys.swift in Sources */,
				5A7A718B273F08950085C7FF /* SavedEntryListCoordinator.swift in Sources */,
				5A1E17D12741A5EF00C3747E /* ColorDotView.swift in Sources */,
				5AAD734D274A5E4300024FB9 /* SaveDetailStore.swift in Sources */,
				5AAE04E1274E1DF100B1EB10 /* SavedEntryDetailView.swift in Sources */,
				5A7A7185273F086A0085C7FF /* ActionsCoordinator.swift in Sources */,
				5A0230D7273C18BF00E05BDF /* SettingsView.swift in Sources */,
				5A2E384F2732F039009D1FAD /* Color+Convenience.swift in Sources */,
				5AAE04E4274E1E7000B1EB10 /* SavedEntryDetailCoordinator.swift in Sources */,
				5AD8B5442745AB0D00547A70 /* CounterColor.swift in Sources */,
				5AAD734827485D8400024FB9 /* MainStore.swift in Sources */,
				5A2E384D2732EE08009D1FAD /* RoundedActionImageButton.swift in Sources */,
				5A7A7181273F01C80085C7FF /* MainTabCoordinator.swift in Sources */,
				5A7A7188273F087D0085C7FF /* CounterCoordinator.swift in Sources */,
				5A2E38552734757A009D1FAD /* CountEntry.swift in Sources */,
				5A7A7191273F09DD0085C7FF /* NameDescribable.swift in Sources */,
				5A7A71B2274078820085C7FF /* CounterStore.swift in Sources */,
				5A607F3D27609C6700CBEEB2 /* SavedEntryStore.swift in Sources */,
				5A2E3858273479CB009D1FAD /* CountEntryView.swift in Sources */,
				5A7A71A9274053430085C7FF /* SettingsStore.swift in Sources */,
				5A7A71A5274005ED0085C7FF /* SettingsCounterStrideView.swift in Sources */,
				5A2E382E2732D756009D1FAD /* CounterView.swift in Sources */,
				5A2E38472732E3C5009D1FAD /* RoundedActionButton.swift in Sources */,
				5A1E17CC27416E4900C3747E /* SettingsCounterColorView.swift in Sources */,
			);
			runOnlyForDeploymentPostprocessing = 0;
		};
/* End PBXSourcesBuildPhase section */

/* Begin PBXTargetDependency section */
		5A2E37F92732D301009D1FAD /* PBXTargetDependency */ = {
			isa = PBXTargetDependency;
			target = 5A2E37F52732D301009D1FAD /* Mini Counter WatchKit App */;
			targetProxy = 5A2E37F82732D301009D1FAD /* PBXContainerItemProxy */;
		};
		5A2E38042732D303009D1FAD /* PBXTargetDependency */ = {
			isa = PBXTargetDependency;
			target = 5A2E38002732D303009D1FAD /* Mini Counter WatchKit Extension */;
			targetProxy = 5A2E38032732D303009D1FAD /* PBXContainerItemProxy */;
		};
/* End PBXTargetDependency section */

/* Begin XCBuildConfiguration section */
		5A2E38122732D304009D1FAD /* Debug */ = {
			isa = XCBuildConfiguration;
			buildSettings = {
				ALWAYS_SEARCH_USER_PATHS = NO;
				CLANG_ANALYZER_NONNULL = YES;
				CLANG_ANALYZER_NUMBER_OBJECT_CONVERSION = YES_AGGRESSIVE;
				CLANG_CXX_LANGUAGE_STANDARD = "gnu++17";
				CLANG_CXX_LIBRARY = "libc++";
				CLANG_ENABLE_MODULES = YES;
				CLANG_ENABLE_OBJC_ARC = YES;
				CLANG_ENABLE_OBJC_WEAK = YES;
				CLANG_WARN_BLOCK_CAPTURE_AUTORELEASING = YES;
				CLANG_WARN_BOOL_CONVERSION = YES;
				CLANG_WARN_COMMA = YES;
				CLANG_WARN_CONSTANT_CONVERSION = YES;
				CLANG_WARN_DEPRECATED_OBJC_IMPLEMENTATIONS = YES;
				CLANG_WARN_DIRECT_OBJC_ISA_USAGE = YES_ERROR;
				CLANG_WARN_DOCUMENTATION_COMMENTS = YES;
				CLANG_WARN_EMPTY_BODY = YES;
				CLANG_WARN_ENUM_CONVERSION = YES;
				CLANG_WARN_INFINITE_RECURSION = YES;
				CLANG_WARN_INT_CONVERSION = YES;
				CLANG_WARN_NON_LITERAL_NULL_CONVERSION = YES;
				CLANG_WARN_OBJC_IMPLICIT_RETAIN_SELF = YES;
				CLANG_WARN_OBJC_LITERAL_CONVERSION = YES;
				CLANG_WARN_OBJC_ROOT_CLASS = YES_ERROR;
				CLANG_WARN_QUOTED_INCLUDE_IN_FRAMEWORK_HEADER = YES;
				CLANG_WARN_RANGE_LOOP_ANALYSIS = YES;
				CLANG_WARN_STRICT_PROTOTYPES = YES;
				CLANG_WARN_SUSPICIOUS_MOVE = YES;
				CLANG_WARN_UNGUARDED_AVAILABILITY = YES_AGGRESSIVE;
				CLANG_WARN_UNREACHABLE_CODE = YES;
				CLANG_WARN__DUPLICATE_METHOD_MATCH = YES;
				COPY_PHASE_STRIP = NO;
				DEBUG_INFORMATION_FORMAT = dwarf;
				ENABLE_STRICT_OBJC_MSGSEND = YES;
				ENABLE_TESTABILITY = YES;
				GCC_C_LANGUAGE_STANDARD = gnu11;
				GCC_DYNAMIC_NO_PIC = NO;
				GCC_NO_COMMON_BLOCKS = YES;
				GCC_OPTIMIZATION_LEVEL = 0;
				GCC_PREPROCESSOR_DEFINITIONS = (
					"DEBUG=1",
					"$(inherited)",
				);
				GCC_WARN_64_TO_32_BIT_CONVERSION = YES;
				GCC_WARN_ABOUT_RETURN_TYPE = YES_ERROR;
				GCC_WARN_UNDECLARED_SELECTOR = YES;
				GCC_WARN_UNINITIALIZED_AUTOS = YES_AGGRESSIVE;
				GCC_WARN_UNUSED_FUNCTION = YES;
				GCC_WARN_UNUSED_VARIABLE = YES;
				MTL_ENABLE_DEBUG_INFO = INCLUDE_SOURCE;
				MTL_FAST_MATH = YES;
				ONLY_ACTIVE_ARCH = YES;
				SDKROOT = iphoneos;
				SWIFT_ACTIVE_COMPILATION_CONDITIONS = DEBUG;
				SWIFT_OPTIMIZATION_LEVEL = "-Onone";
			};
			name = Debug;
		};
		5A2E38132732D304009D1FAD /* Release */ = {
			isa = XCBuildConfiguration;
			buildSettings = {
				ALWAYS_SEARCH_USER_PATHS = NO;
				CLANG_ANALYZER_NONNULL = YES;
				CLANG_ANALYZER_NUMBER_OBJECT_CONVERSION = YES_AGGRESSIVE;
				CLANG_CXX_LANGUAGE_STANDARD = "gnu++17";
				CLANG_CXX_LIBRARY = "libc++";
				CLANG_ENABLE_MODULES = YES;
				CLANG_ENABLE_OBJC_ARC = YES;
				CLANG_ENABLE_OBJC_WEAK = YES;
				CLANG_WARN_BLOCK_CAPTURE_AUTORELEASING = YES;
				CLANG_WARN_BOOL_CONVERSION = YES;
				CLANG_WARN_COMMA = YES;
				CLANG_WARN_CONSTANT_CONVERSION = YES;
				CLANG_WARN_DEPRECATED_OBJC_IMPLEMENTATIONS = YES;
				CLANG_WARN_DIRECT_OBJC_ISA_USAGE = YES_ERROR;
				CLANG_WARN_DOCUMENTATION_COMMENTS = YES;
				CLANG_WARN_EMPTY_BODY = YES;
				CLANG_WARN_ENUM_CONVERSION = YES;
				CLANG_WARN_INFINITE_RECURSION = YES;
				CLANG_WARN_INT_CONVERSION = YES;
				CLANG_WARN_NON_LITERAL_NULL_CONVERSION = YES;
				CLANG_WARN_OBJC_IMPLICIT_RETAIN_SELF = YES;
				CLANG_WARN_OBJC_LITERAL_CONVERSION = YES;
				CLANG_WARN_OBJC_ROOT_CLASS = YES_ERROR;
				CLANG_WARN_QUOTED_INCLUDE_IN_FRAMEWORK_HEADER = YES;
				CLANG_WARN_RANGE_LOOP_ANALYSIS = YES;
				CLANG_WARN_STRICT_PROTOTYPES = YES;
				CLANG_WARN_SUSPICIOUS_MOVE = YES;
				CLANG_WARN_UNGUARDED_AVAILABILITY = YES_AGGRESSIVE;
				CLANG_WARN_UNREACHABLE_CODE = YES;
				CLANG_WARN__DUPLICATE_METHOD_MATCH = YES;
				COPY_PHASE_STRIP = NO;
				DEBUG_INFORMATION_FORMAT = "dwarf-with-dsym";
				ENABLE_NS_ASSERTIONS = NO;
				ENABLE_STRICT_OBJC_MSGSEND = YES;
				GCC_C_LANGUAGE_STANDARD = gnu11;
				GCC_NO_COMMON_BLOCKS = YES;
				GCC_WARN_64_TO_32_BIT_CONVERSION = YES;
				GCC_WARN_ABOUT_RETURN_TYPE = YES_ERROR;
				GCC_WARN_UNDECLARED_SELECTOR = YES;
				GCC_WARN_UNINITIALIZED_AUTOS = YES_AGGRESSIVE;
				GCC_WARN_UNUSED_FUNCTION = YES;
				GCC_WARN_UNUSED_VARIABLE = YES;
				MTL_ENABLE_DEBUG_INFO = NO;
				MTL_FAST_MATH = YES;
				SDKROOT = iphoneos;
				SWIFT_COMPILATION_MODE = wholemodule;
				SWIFT_OPTIMIZATION_LEVEL = "-O";
				VALIDATE_PRODUCT = YES;
			};
			name = Release;
		};
		5A2E38152732D304009D1FAD /* Debug */ = {
			isa = XCBuildConfiguration;
			buildSettings = {
				ASSETCATALOG_COMPILER_COMPLICATION_NAME = Complication;
				CODE_SIGN_STYLE = Automatic;
				CURRENT_PROJECT_VERSION = 1;
				DEVELOPMENT_ASSET_PATHS = "\"Mini Counter WatchKit Extension/Supporting FIles/Preview Content\"";
				DEVELOPMENT_TEAM = 543MGA3H89;
				ENABLE_PREVIEWS = YES;
				GENERATE_INFOPLIST_FILE = YES;
				INFOPLIST_FILE = "Mini Counter WatchKit Extension/Supporting Files/Info.plist";
				INFOPLIST_KEY_CFBundleDisplayName = "Mini Counter WatchKit Extension";
				INFOPLIST_KEY_CLKComplicationPrincipalClass = ComplicationController;
				INFOPLIST_KEY_NSHumanReadableCopyright = "";
				INFOPLIST_KEY_WKWatchOnly = YES;
				LD_RUNPATH_SEARCH_PATHS = (
					"$(inherited)",
					"@executable_path/Frameworks",
					"@executable_path/../../Frameworks",
				);
				MARKETING_VERSION = 1.0;
				PRODUCT_BUNDLE_IDENTIFIER = "com.arden.Mini-Counter.watchkitapp.watchkitextension";
				PRODUCT_NAME = "${TARGET_NAME}";
				SDKROOT = watchos;
				SKIP_INSTALL = YES;
				SWIFT_EMIT_LOC_STRINGS = YES;
				SWIFT_VERSION = 5.0;
				TARGETED_DEVICE_FAMILY = 4;
				WATCHOS_DEPLOYMENT_TARGET = 8.0;
			};
			name = Debug;
		};
		5A2E38162732D304009D1FAD /* Release */ = {
			isa = XCBuildConfiguration;
			buildSettings = {
				ASSETCATALOG_COMPILER_COMPLICATION_NAME = Complication;
				CODE_SIGN_STYLE = Automatic;
				CURRENT_PROJECT_VERSION = 1;
				DEVELOPMENT_ASSET_PATHS = "\"Mini Counter WatchKit Extension/Supporting FIles/Preview Content\"";
				DEVELOPMENT_TEAM = 543MGA3H89;
				ENABLE_PREVIEWS = YES;
				GENERATE_INFOPLIST_FILE = YES;
				INFOPLIST_FILE = "Mini Counter WatchKit Extension/Supporting Files/Info.plist";
				INFOPLIST_KEY_CFBundleDisplayName = "Mini Counter WatchKit Extension";
				INFOPLIST_KEY_CLKComplicationPrincipalClass = ComplicationController;
				INFOPLIST_KEY_NSHumanReadableCopyright = "";
				INFOPLIST_KEY_WKWatchOnly = YES;
				LD_RUNPATH_SEARCH_PATHS = (
					"$(inherited)",
					"@executable_path/Frameworks",
					"@executable_path/../../Frameworks",
				);
				MARKETING_VERSION = 1.0;
				PRODUCT_BUNDLE_IDENTIFIER = "com.arden.Mini-Counter.watchkitapp.watchkitextension";
				PRODUCT_NAME = "${TARGET_NAME}";
				SDKROOT = watchos;
				SKIP_INSTALL = YES;
				SWIFT_EMIT_LOC_STRINGS = YES;
				SWIFT_VERSION = 5.0;
				TARGETED_DEVICE_FAMILY = 4;
				WATCHOS_DEPLOYMENT_TARGET = 8.0;
			};
			name = Release;
		};
		5A2E38192732D304009D1FAD /* Debug */ = {
			isa = XCBuildConfiguration;
			buildSettings = {
				ALWAYS_EMBED_SWIFT_STANDARD_LIBRARIES = YES;
				ASSETCATALOG_COMPILER_APPICON_NAME = AppIcon;
				ASSETCATALOG_COMPILER_GLOBAL_ACCENT_COLOR_NAME = AccentColor;
				CODE_SIGN_STYLE = Automatic;
				CURRENT_PROJECT_VERSION = 1;
				DEVELOPMENT_TEAM = 543MGA3H89;
				GENERATE_INFOPLIST_FILE = YES;
				IBSC_MODULE = Mini_Counter_WatchKit_Extension;
				INFOPLIST_KEY_CFBundleDisplayName = "Mini Counter WatchKit App";
				INFOPLIST_KEY_UISupportedInterfaceOrientations = "UIInterfaceOrientationPortrait UIInterfaceOrientationPortraitUpsideDown";
				MARKETING_VERSION = 1.0;
				PRODUCT_BUNDLE_IDENTIFIER = "com.arden.Mini-Counter.watchkitapp";
				PRODUCT_NAME = "$(TARGET_NAME)";
				SDKROOT = watchos;
				SKIP_INSTALL = YES;
				SWIFT_EMIT_LOC_STRINGS = YES;
				SWIFT_VERSION = 5.0;
				TARGETED_DEVICE_FAMILY = 4;
				WATCHOS_DEPLOYMENT_TARGET = 8.0;
			};
			name = Debug;
		};
		5A2E381A2732D304009D1FAD /* Release */ = {
			isa = XCBuildConfiguration;
			buildSettings = {
				ALWAYS_EMBED_SWIFT_STANDARD_LIBRARIES = YES;
				ASSETCATALOG_COMPILER_APPICON_NAME = AppIcon;
				ASSETCATALOG_COMPILER_GLOBAL_ACCENT_COLOR_NAME = AccentColor;
				CODE_SIGN_STYLE = Automatic;
				CURRENT_PROJECT_VERSION = 1;
				DEVELOPMENT_TEAM = 543MGA3H89;
				GENERATE_INFOPLIST_FILE = YES;
				IBSC_MODULE = Mini_Counter_WatchKit_Extension;
				INFOPLIST_KEY_CFBundleDisplayName = "Mini Counter WatchKit App";
				INFOPLIST_KEY_UISupportedInterfaceOrientations = "UIInterfaceOrientationPortrait UIInterfaceOrientationPortraitUpsideDown";
				MARKETING_VERSION = 1.0;
				PRODUCT_BUNDLE_IDENTIFIER = "com.arden.Mini-Counter.watchkitapp";
				PRODUCT_NAME = "$(TARGET_NAME)";
				SDKROOT = watchos;
				SKIP_INSTALL = YES;
				SWIFT_EMIT_LOC_STRINGS = YES;
				SWIFT_VERSION = 5.0;
				TARGETED_DEVICE_FAMILY = 4;
				WATCHOS_DEPLOYMENT_TARGET = 8.0;
			};
			name = Release;
		};
		5A2E381D2732D304009D1FAD /* Debug */ = {
			isa = XCBuildConfiguration;
			buildSettings = {
				CODE_SIGN_STYLE = Automatic;
				CURRENT_PROJECT_VERSION = 1;
				DEVELOPMENT_TEAM = 543MGA3H89;
				MARKETING_VERSION = 1.0;
				PRODUCT_BUNDLE_IDENTIFIER = "com.arden.Mini-Counter";
				PRODUCT_NAME = "$(TARGET_NAME)";
				SWIFT_VERSION = 5.0;
			};
			name = Debug;
		};
		5A2E381E2732D304009D1FAD /* Release */ = {
			isa = XCBuildConfiguration;
			buildSettings = {
				CODE_SIGN_STYLE = Automatic;
				CURRENT_PROJECT_VERSION = 1;
				DEVELOPMENT_TEAM = 543MGA3H89;
				MARKETING_VERSION = 1.0;
				PRODUCT_BUNDLE_IDENTIFIER = "com.arden.Mini-Counter";
				PRODUCT_NAME = "$(TARGET_NAME)";
				SWIFT_VERSION = 5.0;
			};
			name = Release;
		};
/* End XCBuildConfiguration section */

/* Begin XCConfigurationList section */
		5A2E37EF2732D300009D1FAD /* Build configuration list for PBXProject "Mini Counter" */ = {
			isa = XCConfigurationList;
			buildConfigurations = (
				5A2E38122732D304009D1FAD /* Debug */,
				5A2E38132732D304009D1FAD /* Release */,
			);
			defaultConfigurationIsVisible = 0;
			defaultConfigurationName = Release;
		};
		5A2E38142732D304009D1FAD /* Build configuration list for PBXNativeTarget "Mini Counter WatchKit Extension" */ = {
			isa = XCConfigurationList;
			buildConfigurations = (
				5A2E38152732D304009D1FAD /* Debug */,
				5A2E38162732D304009D1FAD /* Release */,
			);
			defaultConfigurationIsVisible = 0;
			defaultConfigurationName = Release;
		};
		5A2E38182732D304009D1FAD /* Build configuration list for PBXNativeTarget "Mini Counter WatchKit App" */ = {
			isa = XCConfigurationList;
			buildConfigurations = (
				5A2E38192732D304009D1FAD /* Debug */,
				5A2E381A2732D304009D1FAD /* Release */,
			);
			defaultConfigurationIsVisible = 0;
			defaultConfigurationName = Release;
		};
		5A2E381C2732D304009D1FAD /* Build configuration list for PBXNativeTarget "Mini Counter" */ = {
			isa = XCConfigurationList;
			buildConfigurations = (
				5A2E381D2732D304009D1FAD /* Debug */,
				5A2E381E2732D304009D1FAD /* Release */,
			);
			defaultConfigurationIsVisible = 0;
			defaultConfigurationName = Release;
		};
/* End XCConfigurationList section */

/* Begin XCRemoteSwiftPackageReference section */
		5A7A7179273EEF240085C7FF /* XCRemoteSwiftPackageReference "stinsen" */ = {
			isa = XCRemoteSwiftPackageReference;
			repositoryURL = "https://github.com/rundfunk47/stinsen";
			requirement = {
				kind = upToNextMajorVersion;
				minimumVersion = 2.0.0;
			};
		};
/* End XCRemoteSwiftPackageReference section */

/* Begin XCSwiftPackageProductDependency section */
		5A7A717A273EEF240085C7FF /* Stinsen */ = {
			isa = XCSwiftPackageProductDependency;
			package = 5A7A7179273EEF240085C7FF /* XCRemoteSwiftPackageReference "stinsen" */;
			productName = Stinsen;
		};
		5A7A717D273EF0020085C7FF /* Stinsen */ = {
			isa = XCSwiftPackageProductDependency;
			package = 5A7A7179273EEF240085C7FF /* XCRemoteSwiftPackageReference "stinsen" */;
			productName = Stinsen;
		};
/* End XCSwiftPackageProductDependency section */
	};
	rootObject = 5A2E37EC2732D300009D1FAD /* Project object */;
}
